
Microsoft Visual Studio Solution File, Format Version 12.00
# Visual Studio Version 17
VisualStudioVersion = 17.7.34202.233
MinimumVisualStudioVersion = 10.0.40219.1
Project("{FAE04EC0-301F-11D3-BF4B-00C04F79EFBC}") = "shopManager", "shopManager.csproj", "{57662239-DF7D-4915-84E5-4BED83F144CB}"
EndProject
Global
	GlobalSection(SolutionConfigurationPlatforms) = preSolution
		Debug|Any CPU = Debug|Any CPU
		Release|Any CPU = Release|Any CPU
	EndGlobalSection
	GlobalSection(ProjectConfigurationPlatforms) = postSolution
		{57662239-DF7D-4915-84E5-4BED83F144CB}.Debug|Any CPU.ActiveCfg = Debug|Any CPU
		{57662239-DF7D-4915-84E5-4BED83F144CB}.Debug|Any CPU.Build.0 = Debug|Any CPU
		{57662239-DF7D-4915-84E5-4BED83F144CB}.Release|Any CPU.ActiveCfg = Release|Any CPU
		{57662239-DF7D-4915-84E5-4BED83F144CB}.Release|Any CPU.Build.0 = Release|Any CPU
	EndGlobalSection
	GlobalSection(SolutionProperties) = preSolution
		HideSolutionNode = FALSE
	EndGlobalSection
	GlobalSection(ExtensibilityGlobals) = postSolution
		SolutionGuid = {C9626D68-8665-449A-91E4-A21EAE6542BF}
	EndGlobalSection
EndGlobal
